
Microsoft Visual Studio Solution File, Format Version 12.00
# Visual Studio 15
VisualStudioVersion = 15.0.27004.2002
MinimumVisualStudioVersion = 10.0.40219.1
Project("{FAE04EC0-301F-11D3-BF4B-00C04F79EFBC}") = "Morse Code Converter", "Morse Code Converter\Morse Code Converter.csproj", "{EBFB1A49-280C-4D5D-80C5-ED194A8C25CE}"
EndProject
Global
	GlobalSection(SolutionConfigurationPlatforms) = preSolution
		Debug|Any CPU = Debug|Any CPU
		Release|Any CPU = Release|Any CPU
	EndGlobalSection
	GlobalSection(ProjectConfigurationPlatforms) = postSolution
		{EBFB1A49-280C-4D5D-80C5-ED194A8C25CE}.Debug|Any CPU.ActiveCfg = Debug|Any CPU
		{EBFB1A49-280C-4D5D-80C5-ED194A8C25CE}.Debug|Any CPU.Build.0 = Debug|Any CPU
		{EBFB1A49-280C-4D5D-80C5-ED194A8C25CE}.Release|Any CPU.ActiveCfg = Release|Any CPU
		{EBFB1A49-280C-4D5D-80C5-ED194A8C25CE}.Release|Any CPU.Build.0 = Release|Any CPU
	EndGlobalSection
	GlobalSection(SolutionProperties) = preSolution
		HideSolutionNode = FALSE
	EndGlobalSection
	GlobalSection(ExtensibilityGlobals) = postSolution
		SolutionGuid = {6EAA91E3-548F-413D-9083-339974340C88}
	EndGlobalSection
EndGlobal
